// !$*UTF8*$!
{
	archiveVersion = 1;
	classes = {
	};
	objectVersion = 56;
	objects = {

/* Begin PBXBuildFile section */
		AA443C5E296EF44B000E6065 /* AppDelegate.swift in Sources */ = {isa = PBXBuildFile; fileRef = AA443C5D296EF44B000E6065 /* AppDelegate.swift */; };
		AA443C60296EF44B000E6065 /* SceneDelegate.swift in Sources */ = {isa = PBXBuildFile; fileRef = AA443C5F296EF44B000E6065 /* SceneDelegate.swift */; };
		AA443C62296EF44B000E6065 /* ViewController.swift in Sources */ = {isa = PBXBuildFile; fileRef = AA443C61296EF44B000E6065 /* ViewController.swift */; };
		AA443C65296EF44B000E6065 /* Main.storyboard in Resources */ = {isa = PBXBuildFile; fileRef = AA443C63296EF44B000E6065 /* Main.storyboard */; };
		AA443C67296EF44F000E6065 /* Assets.xcassets in Resources */ = {isa = PBXBuildFile; fileRef = AA443C66296EF44F000E6065 /* Assets.xcassets */; };
		AA443C6A296EF44F000E6065 /* LaunchScreen.storyboard in Resources */ = {isa = PBXBuildFile; fileRef = AA443C68296EF44F000E6065 /* LaunchScreen.storyboard */; };
		AA443C75296EF44F000E6065 /* NewsAppsTests.swift in Sources */ = {isa = PBXBuildFile; fileRef = AA443C74296EF44F000E6065 /* NewsAppsTests.swift */; };
		AA443C7F296EF44F000E6065 /* NewsAppsUITests.swift in Sources */ = {isa = PBXBuildFile; fileRef = AA443C7E296EF44F000E6065 /* NewsAppsUITests.swift */; };
		AA443C81296EF44F000E6065 /* NewsAppsUITestsLaunchTests.swift in Sources */ = {isa = PBXBuildFile; fileRef = AA443C80296EF44F000E6065 /* NewsAppsUITestsLaunchTests.swift */; };
/* End PBXBuildFile section */

/* Begin PBXContainerItemProxy section */
		AA443C71296EF44F000E6065 /* PBXContainerItemProxy */ = {
			isa = PBXContainerItemProxy;
			containerPortal = AA443C52296EF44B000E6065 /* Project object */;
			proxyType = 1;
			remoteGlobalIDString = AA443C59296EF44B000E6065;
			remoteInfo = NewsApps;
		};
		AA443C7B296EF44F000E6065 /* PBXContainerItemProxy */ = {
			isa = PBXContainerItemProxy;
			containerPortal = AA443C52296EF44B000E6065 /* Project object */;
			proxyType = 1;
			remoteGlobalIDString = AA443C59296EF44B000E6065;
			remoteInfo = NewsApps;
		};
/* End PBXContainerItemProxy section */

/* Begin PBXFileReference section */
		AA443C5A296EF44B000E6065 /* NewsApps.app */ = {isa = PBXFileReference; explicitFileType = wrapper.application; includeInIndex = 0; path = NewsApps.app; sourceTree = BUILT_PRODUCTS_DIR; };
		AA443C5D296EF44B000E6065 /* AppDelegate.swift */ = {isa = PBXFileReference; lastKnownFileType = sourcecode.swift; path = AppDelegate.swift; sourceTree = "<group>"; };
		AA443C5F296EF44B000E6065 /* SceneDelegate.swift */ = {isa = PBXFileReference; lastKnownFileType = sourcecode.swift; path = SceneDelegate.swift; sourceTree = "<group>"; };
		AA443C61296EF44B000E6065 /* ViewController.swift */ = {isa = PBXFileReference; lastKnownFileType = sourcecode.swift; path = ViewController.swift; sourceTree = "<group>"; };
		AA443C64296EF44B000E6065 /* Base */ = {isa = PBXFileReference; lastKnownFileType = file.storyboard; name = Base; path = Base.lproj/Main.storyboard; sourceTree = "<group>"; };
		AA443C66296EF44F000E6065 /* Assets.xcassets */ = {isa = PBXFileReference; lastKnownFileType = folder.assetcatalog; path = Assets.xcassets; sourceTree = "<group>"; };
		AA443C69296EF44F000E6065 /* Base */ = {isa = PBXFileReference; lastKnownFileType = file.storyboard; name = Base; path = Base.lproj/LaunchScreen.storyboard; sourceTree = "<group>"; };
		AA443C6B296EF44F000E6065 /* Info.plist */ = {isa = PBXFileReference; lastKnownFileType = text.plist.xml; path = Info.plist; sourceTree = "<group>"; };
		AA443C70296EF44F000E6065 /* NewsAppsTests.xctest */ = {isa = PBXFileReference; explicitFileType = wrapper.cfbundle; includeInIndex = 0; path = NewsAppsTests.xctest; sourceTree = BUILT_PRODUCTS_DIR; };
		AA443C74296EF44F000E6065 /* NewsAppsTests.swift */ = {isa = PBXFileReference; lastKnownFileType = sourcecode.swift; path = NewsAppsTests.swift; sourceTree = "<group>"; };
		AA443C7A296EF44F000E6065 /* NewsAppsUITests.xctest */ = {isa = PBXFileReference; explicitFileType = wrapper.cfbundle; includeInIndex = 0; path = NewsAppsUITests.xctest; sourceTree = BUILT_PRODUCTS_DIR; };
		AA443C7E296EF44F000E6065 /* NewsAppsUITests.swift */ = {isa = PBXFileReference; lastKnownFileType = sourcecode.swift; path = NewsAppsUITests.swift; sourceTree = "<group>"; };
		AA443C80296EF44F000E6065 /* NewsAppsUITestsLaunchTests.swift */ = {isa = PBXFileReference; lastKnownFileType = sourcecode.swift; path = NewsAppsUITestsLaunchTests.swift; sourceTree = "<group>"; };
/* End PBXFileReference section */

/* Begin PBXFrameworksBuildPhase section */
		AA443C57296EF44B000E6065 /* Frameworks */ = {
			isa = PBXFrameworksBuildPhase;
			buildActionMask = 2147483647;
			files = (
			);
			runOnlyForDeploymentPostprocessing = 0;
		};
		AA443C6D296EF44F000E6065 /* Frameworks */ = {
			isa = PBXFrameworksBuildPhase;
			buildActionMask = 2147483647;
			files = (
			);
			runOnlyForDeploymentPostprocessing = 0;
		};
		AA443C77296EF44F000E6065 /* Frameworks */ = {
			isa = PBXFrameworksBuildPhase;
			buildActionMask = 2147483647;
			files = (
			);
			runOnlyForDeploymentPostprocessing = 0;
		};
/* End PBXFrameworksBuildPhase section */

/* Begin PBXGroup section */
		AA443C51296EF44B000E6065 = {
			isa = PBXGroup;
			children = (
				AA443C5C296EF44B000E6065 /* NewsApps */,
				AA443C73296EF44F000E6065 /* NewsAppsTests */,
				AA443C7D296EF44F000E6065 /* NewsAppsUITests */,
				AA443C5B296EF44B000E6065 /* Products */,
			);
			sourceTree = "<group>";
		};
		AA443C5B296EF44B000E6065 /* Products */ = {
			isa = PBXGroup;
			children = (
				AA443C5A296EF44B000E6065 /* NewsApps.app */,
				AA443C70296EF44F000E6065 /* NewsAppsTests.xctest */,
				AA443C7A296EF44F000E6065 /* NewsAppsUITests.xctest */,
			);
			name = Products;
			sourceTree = "<group>";
		};
		AA443C5C296EF44B000E6065 /* NewsApps */ = {
			isa = PBXGroup;
			children = (
				AA443C5D296EF44B000E6065 /* AppDelegate.swift */,
				AA443C5F296EF44B000E6065 /* SceneDelegate.swift */,
				AA443C61296EF44B000E6065 /* ViewController.swift */,
				AA443C63296EF44B000E6065 /* Main.storyboard */,
				AA443C66296EF44F000E6065 /* Assets.xcassets */,
				AA443C68296EF44F000E6065 /* LaunchScreen.storyboard */,
				AA443C6B296EF44F000E6065 /* Info.plist */,
			);
			path = NewsApps;
			sourceTree = "<group>";
		};
		AA443C73296EF44F000E6065 /* NewsAppsTests */ = {
			isa = PBXGroup;
			children = (
				AA443C74296EF44F000E6065 /* NewsAppsTests.swift */,
			);
			path = NewsAppsTests;
			sourceTree = "<group>";
		};
		AA443C7D296EF44F000E6065 /* NewsAppsUITests */ = {
			isa = PBXGroup;
			children = (
				AA443C7E296EF44F000E6065 /* NewsAppsUITests.swift */,
				AA443C80296EF44F000E6065 /* NewsAppsUITestsLaunchTests.swift */,
			);
			path = NewsAppsUITests;
			sourceTree = "<group>";
		};
/* End PBXGroup section */

/* Begin PBXNativeTarget section */
		AA443C59296EF44B000E6065 /* NewsApps */ = {
			isa = PBXNativeTarget;
			buildConfigurationList = AA443C84296EF44F000E6065 /* Build configuration list for PBXNativeTarget "NewsApps" */;
			buildPhases = (
				AA443C56296EF44B000E6065 /* Sources */,
				AA443C57296EF44B000E6065 /* Frameworks */,
				AA443C58296EF44B000E6065 /* Resources */,
			);
			buildRules = (
			);
			dependencies = (
			);
			name = NewsApps;
			productName = NewsApps;
			productReference = AA443C5A296EF44B000E6065 /* NewsApps.app */;
			productType = "com.apple.product-type.application";
		};
		AA443C6F296EF44F000E6065 /* NewsAppsTests */ = {
			isa = PBXNativeTarget;
			buildConfigurationList = AA443C87296EF44F000E6065 /* Build configuration list for PBXNativeTarget "NewsAppsTests" */;
			buildPhases = (
				AA443C6C296EF44F000E6065 /* Sources */,
				AA443C6D296EF44F000E6065 /* Frameworks */,
				AA443C6E296EF44F000E6065 /* Resources */,
			);
			buildRules = (
			);
			dependencies = (
				AA443C72296EF44F000E6065 /* PBXTargetDependency */,
			);
			name = NewsAppsTests;
			productName = NewsAppsTests;
			productReference = AA443C70296EF44F000E6065 /* NewsAppsTests.xctest */;
			productType = "com.apple.product-type.bundle.unit-test";
		};
		AA443C79296EF44F000E6065 /* NewsAppsUITests */ = {
			isa = PBXNativeTarget;
			buildConfigurationList = AA443C8A296EF44F000E6065 /* Build configuration list for PBXNativeTarget "NewsAppsUITests" */;
			buildPhases = (
				AA443C76296EF44F000E6065 /* Sources */,
				AA443C77296EF44F000E6065 /* Frameworks */,
				AA443C78296EF44F000E6065 /* Resources */,
			);
			buildRules = (
			);
			dependencies = (
				AA443C7C296EF44F000E6065 /* PBXTargetDependency */,
			);
			name = NewsAppsUITests;
			productName = NewsAppsUITests;
			productReference = AA443C7A296EF44F000E6065 /* NewsAppsUITests.xctest */;
			productType = "com.apple.product-type.bundle.ui-testing";
		};
/* End PBXNativeTarget section */

/* Begin PBXProject section */
		AA443C52296EF44B000E6065 /* Project object */ = {
			isa = PBXProject;
			attributes = {
				BuildIndependentTargetsInParallel = 1;
				LastSwiftUpdateCheck = 1420;
				LastUpgradeCheck = 1420;
				TargetAttributes = {
					AA443C59296EF44B000E6065 = {
						CreatedOnToolsVersion = 14.2;
					};
					AA443C6F296EF44F000E6065 = {
						CreatedOnToolsVersion = 14.2;
						TestTargetID = AA443C59296EF44B000E6065;
					};
					AA443C79296EF44F000E6065 = {
						CreatedOnToolsVersion = 14.2;
						TestTargetID = AA443C59296EF44B000E6065;
					};
				};
			};
			buildConfigurationList = AA443C55296EF44B000E6065 /* Build configuration list for PBXProject "NewsApps" */;
			compatibilityVersion = "Xcode 14.0";
			developmentRegion = en;
			hasScannedForEncodings = 0;
			knownRegions = (
				en,
				Base,
			);
			mainGroup = AA443C51296EF44B000E6065;
			productRefGroup = AA443C5B296EF44B000E6065 /* Products */;
			projectDirPath = "";
			projectRoot = "";
			targets = (
				AA443C59296EF44B000E6065 /* NewsApps */,
				AA443C6F296EF44F000E6065 /* NewsAppsTests */,
				AA443C79296EF44F000E6065 /* NewsAppsUITests */,
			);
		};
/* End PBXProject section */

/* Begin PBXResourcesBuildPhase section */
		AA443C58296EF44B000E6065 /* Resources */ = {
			isa = PBXResourcesBuildPhase;
			buildActionMask = 2147483647;
			files = (
				AA443C6A296EF44F000E6065 /* LaunchScreen.storyboard in Resources */,
				AA443C67296EF44F000E6065 /* Assets.xcassets in Resources */,
				AA443C65296EF44B000E6065 /* Main.storyboard in Resources */,
			);
			runOnlyForDeploymentPostprocessing = 0;
		};
		AA443C6E296EF44F000E6065 /* Resources */ = {
			isa = PBXResourcesBuildPhase;
			buildActionMask = 2147483647;
			files = (
			);
			runOnlyForDeploymentPostprocessing = 0;
		};
		AA443C78296EF44F000E6065 /* Resources */ = {
			isa = PBXResourcesBuildPhase;
			buildActionMask = 2147483647;
			files = (
			);
			runOnlyForDeploymentPostprocessing = 0;
		};
/* End PBXResourcesBuildPhase section */

/* Begin PBXSourcesBuildPhase section */
		AA443C56296EF44B000E6065 /* Sources */ = {
			isa = PBXSourcesBuildPhase;
			buildActionMask = 2147483647;
			files = (
				AA443C62296EF44B000E6065 /* ViewController.swift in Sources */,
				AA443C5E296EF44B000E6065 /* AppDelegate.swift in Sources */,
				AA443C60296EF44B000E6065 /* SceneDelegate.swift in Sources */,
			);
			runOnlyForDeploymentPostprocessing = 0;
		};
		AA443C6C296EF44F000E6065 /* Sources */ = {
			isa = PBXSourcesBuildPhase;
			buildActionMask = 2147483647;
			files = (
				AA443C75296EF44F000E6065 /* NewsAppsTests.swift in Sources */,
			);
			runOnlyForDeploymentPostprocessing = 0;
		};
		AA443C76296EF44F000E6065 /* Sources */ = {
			isa = PBXSourcesBuildPhase;
			buildActionMask = 2147483647;
			files = (
				AA443C81296EF44F000E6065 /* NewsAppsUITestsLaunchTests.swift in Sources */,
				AA443C7F296EF44F000E6065 /* NewsAppsUITests.swift in Sources */,
			);
			runOnlyForDeploymentPostprocessing = 0;
		};
/* End PBXSourcesBuildPhase section */

/* Begin PBXTargetDependency section */
		AA443C72296EF44F000E6065 /* PBXTargetDependency */ = {
			isa = PBXTargetDependency;
			target = AA443C59296EF44B000E6065 /* NewsApps */;
			targetProxy = AA443C71296EF44F000E6065 /* PBXContainerItemProxy */;
		};
		AA443C7C296EF44F000E6065 /* PBXTargetDependency */ = {
			isa = PBXTargetDependency;
			target = AA443C59296EF44B000E6065 /* NewsApps */;
			targetProxy = AA443C7B296EF44F000E6065 /* PBXContainerItemProxy */;
		};
/* End PBXTargetDependency section */

/* Begin PBXVariantGroup section */
		AA443C63296EF44B000E6065 /* Main.storyboard */ = {
			isa = PBXVariantGroup;
			children = (
				AA443C64296EF44B000E6065 /* Base */,
			);
			name = Main.storyboard;
			sourceTree = "<group>";
		};
		AA443C68296EF44F000E6065 /* LaunchScreen.storyboard */ = {
			isa = PBXVariantGroup;
			children = (
				AA443C69296EF44F000E6065 /* Base */,
			);
			name = LaunchScreen.storyboard;
			sourceTree = "<group>";
		};
/* End PBXVariantGroup section */

/* Begin XCBuildConfiguration section */
		AA443C82296EF44F000E6065 /* Debug */ = {
			isa = XCBuildConfiguration;
			buildSettings = {
				ALWAYS_SEARCH_USER_PATHS = NO;
				CLANG_ANALYZER_NONNULL = YES;
				CLANG_ANALYZER_NUMBER_OBJECT_CONVERSION = YES_AGGRESSIVE;
				CLANG_CXX_LANGUAGE_STANDARD = "gnu++20";
				CLANG_ENABLE_MODULES = YES;
				CLANG_ENABLE_OBJC_ARC = YES;
				CLANG_ENABLE_OBJC_WEAK = YES;
				CLANG_WARN_BLOCK_CAPTURE_AUTORELEASING = YES;
				CLANG_WARN_BOOL_CONVERSION = YES;
				CLANG_WARN_COMMA = YES;
				CLANG_WARN_CONSTANT_CONVERSION = YES;
				CLANG_WARN_DEPRECATED_OBJC_IMPLEMENTATIONS = YES;
				CLANG_WARN_DIRECT_OBJC_ISA_USAGE = YES_ERROR;
				CLANG_WARN_DOCUMENTATION_COMMENTS = YES;
				CLANG_WARN_EMPTY_BODY = YES;
				CLANG_WARN_ENUM_CONVERSION = YES;
				CLANG_WARN_INFINITE_RECURSION = YES;
				CLANG_WARN_INT_CONVERSION = YES;
				CLANG_WARN_NON_LITERAL_NULL_CONVERSION = YES;
				CLANG_WARN_OBJC_IMPLICIT_RETAIN_SELF = YES;
				CLANG_WARN_OBJC_LITERAL_CONVERSION = YES;
				CLANG_WARN_OBJC_ROOT_CLASS = YES_ERROR;
				CLANG_WARN_QUOTED_INCLUDE_IN_FRAMEWORK_HEADER = YES;
				CLANG_WARN_RANGE_LOOP_ANALYSIS = YES;
				CLANG_WARN_STRICT_PROTOTYPES = YES;
				CLANG_WARN_SUSPICIOUS_MOVE = YES;
				CLANG_WARN_UNGUARDED_AVAILABILITY = YES_AGGRESSIVE;
				CLANG_WARN_UNREACHABLE_CODE = YES;
				CLANG_WARN__DUPLICATE_METHOD_MATCH = YES;
				COPY_PHASE_STRIP = NO;
				DEBUG_INFORMATION_FORMAT = dwarf;
				ENABLE_STRICT_OBJC_MSGSEND = YES;
				ENABLE_TESTABILITY = YES;
				GCC_C_LANGUAGE_STANDARD = gnu11;
				GCC_DYNAMIC_NO_PIC = NO;
				GCC_NO_COMMON_BLOCKS = YES;
				GCC_OPTIMIZATION_LEVEL = 0;
				GCC_PREPROCESSOR_DEFINITIONS = (
					"DEBUG=1",
					"$(inherited)",
				);
				GCC_WARN_64_TO_32_BIT_CONVERSION = YES;
				GCC_WARN_ABOUT_RETURN_TYPE = YES_ERROR;
				GCC_WARN_UNDECLARED_SELECTOR = YES;
				GCC_WARN_UNINITIALIZED_AUTOS = YES_AGGRESSIVE;
				GCC_WARN_UNUSED_FUNCTION = YES;
				GCC_WARN_UNUSED_VARIABLE = YES;
				IPHONEOS_DEPLOYMENT_TARGET = 16.2;
				MTL_ENABLE_DEBUG_INFO = INCLUDE_SOURCE;
				MTL_FAST_MATH = YES;
				ONLY_ACTIVE_ARCH = YES;
				SDKROOT = iphoneos;
				SWIFT_ACTIVE_COMPILATION_CONDITIONS = DEBUG;
				SWIFT_OPTIMIZATION_LEVEL = "-Onone";
			};
			name = Debug;
		};
		AA443C83296EF44F000E6065 /* Release */ = {
			isa = XCBuildConfiguration;
			buildSettings = {
				ALWAYS_SEARCH_USER_PATHS = NO;
				CLANG_ANALYZER_NONNULL = YES;
				CLANG_ANALYZER_NUMBER_OBJECT_CONVERSION = YES_AGGRESSIVE;
				CLANG_CXX_LANGUAGE_STANDARD = "gnu++20";
				CLANG_ENABLE_MODULES = YES;
				CLANG_ENABLE_OBJC_ARC = YES;
				CLANG_ENABLE_OBJC_WEAK = YES;
				CLANG_WARN_BLOCK_CAPTURE_AUTORELEASING = YES;
				CLANG_WARN_BOOL_CONVERSION = YES;
				CLANG_WARN_COMMA = YES;
				CLANG_WARN_CONSTANT_CONVERSION = YES;
				CLANG_WARN_DEPRECATED_OBJC_IMPLEMENTATIONS = YES;
				CLANG_WARN_DIRECT_OBJC_ISA_USAGE = YES_ERROR;
				CLANG_WARN_DOCUMENTATION_COMMENTS = YES;
				CLANG_WARN_EMPTY_BODY = YES;
				CLANG_WARN_ENUM_CONVERSION = YES;
				CLANG_WARN_INFINITE_RECURSION = YES;
				CLANG_WARN_INT_CONVERSION = YES;
				CLANG_WARN_NON_LITERAL_NULL_CONVERSION = YES;
				CLANG_WARN_OBJC_IMPLICIT_RETAIN_SELF = YES;
				CLANG_WARN_OBJC_LITERAL_CONVERSION = YES;
				CLANG_WARN_OBJC_ROOT_CLASS = YES_ERROR;
				CLANG_WARN_QUOTED_INCLUDE_IN_FRAMEWORK_HEADER = YES;
				CLANG_WARN_RANGE_LOOP_ANALYSIS = YES;
				CLANG_WARN_STRICT_PROTOTYPES = YES;
				CLANG_WARN_SUSPICIOUS_MOVE = YES;
				CLANG_WARN_UNGUARDED_AVAILABILITY = YES_AGGRESSIVE;
				CLANG_WARN_UNREACHABLE_CODE = YES;
				CLANG_WARN__DUPLICATE_METHOD_MATCH = YES;
				COPY_PHASE_STRIP = NO;
				DEBUG_INFORMATION_FORMAT = "dwarf-with-dsym";
				ENABLE_NS_ASSERTIONS = NO;
				ENABLE_STRICT_OBJC_MSGSEND = YES;
				GCC_C_LANGUAGE_STANDARD = gnu11;
				GCC_NO_COMMON_BLOCKS = YES;
				GCC_WARN_64_TO_32_BIT_CONVERSION = YES;
				GCC_WARN_ABOUT_RETURN_TYPE = YES_ERROR;
				GCC_WARN_UNDECLARED_SELECTOR = YES;
				GCC_WARN_UNINITIALIZED_AUTOS = YES_AGGRESSIVE;
				GCC_WARN_UNUSED_FUNCTION = YES;
				GCC_WARN_UNUSED_VARIABLE = YES;
				IPHONEOS_DEPLOYMENT_TARGET = 16.2;
				MTL_ENABLE_DEBUG_INFO = NO;
				MTL_FAST_MATH = YES;
				SDKROOT = iphoneos;
				SWIFT_COMPILATION_MODE = wholemodule;
				SWIFT_OPTIMIZATION_LEVEL = "-O";
				VALIDATE_PRODUCT = YES;
			};
			name = Release;
		};
		AA443C85296EF44F000E6065 /* Debug */ = {
			isa = XCBuildConfiguration;
			buildSettings = {
				ASSETCATALOG_COMPILER_APPICON_NAME = AppIcon;
				ASSETCATALOG_COMPILER_GLOBAL_ACCENT_COLOR_NAME = AccentColor;
				CODE_SIGN_STYLE = Automatic;
				CURRENT_PROJECT_VERSION = 1;
				DEVELOPMENT_TEAM = V5C63N3TQ2;
				GENERATE_INFOPLIST_FILE = YES;
				INFOPLIST_FILE = NewsApps/Info.plist;
				INFOPLIST_KEY_UIApplicationSupportsIndirectInputEvents = YES;
				INFOPLIST_KEY_UILaunchStoryboardName = LaunchScreen;
				INFOPLIST_KEY_UIMainStoryboardFile = Main;
				INFOPLIST_KEY_UISupportedInterfaceOrientations_iPad = "UIInterfaceOrientationPortrait UIInterfaceOrientationPortraitUpsideDown UIInterfaceOrientationLandscapeLeft UIInterfaceOrientationLandscapeRight";
				INFOPLIST_KEY_UISupportedInterfaceOrientations_iPhone = "UIInterfaceOrientationPortrait UIInterfaceOrientationLandscapeLeft UIInterfaceOrientationLandscapeRight";
				LD_RUNPATH_SEARCH_PATHS = (
					"$(inherited)",
					"@executable_path/Frameworks",
				);
				MARKETING_VERSION = 1.0;
				PRODUCT_BUNDLE_IDENTIFIER = com.jimmi.NewsApps;
				PRODUCT_NAME = "$(TARGET_NAME)";
				SWIFT_EMIT_LOC_STRINGS = YES;
				SWIFT_VERSION = 5.0;
				TARGETED_DEVICE_FAMILY = "1,2";
			};
			name = Debug;
		};
		AA443C86296EF44F000E6065 /* Release */ = {
			isa = XCBuildConfiguration;
			buildSettings = {
				ASSETCATALOG_COMPILER_APPICON_NAME = AppIcon;
				ASSETCATALOG_COMPILER_GLOBAL_ACCENT_COLOR_NAME = AccentColor;
				CODE_SIGN_STYLE = Automatic;
				CURRENT_PROJECT_VERSION = 1;
				DEVELOPMENT_TEAM = V5C63N3TQ2;
				GENERATE_INFOPLIST_FILE = YES;
				INFOPLIST_FILE = NewsApps/Info.plist;
				INFOPLIST_KEY_UIApplicationSupportsIndirectInputEvents = YES;
				INFOPLIST_KEY_UILaunchStoryboardName = LaunchScreen;
				INFOPLIST_KEY_UIMainStoryboardFile = Main;
				INFOPLIST_KEY_UISupportedInterfaceOrientations_iPad = "UIInterfaceOrientationPortrait UIInterfaceOrientationPortraitUpsideDown UIInterfaceOrientationLandscapeLeft UIInterfaceOrientationLandscapeRight";
				INFOPLIST_KEY_UISupportedInterfaceOrientations_iPhone = "UIInterfaceOrientationPortrait UIInterfaceOrientationLandscapeLeft UIInterfaceOrientationLandscapeRight";
				LD_RUNPATH_SEARCH_PATHS = (
					"$(inherited)",
					"@executable_path/Frameworks",
				);
				MARKETING_VERSION = 1.0;
				PRODUCT_BUNDLE_IDENTIFIER = com.jimmi.NewsApps;
				PRODUCT_NAME = "$(TARGET_NAME)";
				SWIFT_EMIT_LOC_STRINGS = YES;
				SWIFT_VERSION = 5.0;
				TARGETED_DEVICE_FAMILY = "1,2";
			};
			name = Release;
		};
		AA443C88296EF44F000E6065 /* Debug */ = {
			isa = XCBuildConfiguration;
			buildSettings = {
				ALWAYS_EMBED_SWIFT_STANDARD_LIBRARIES = YES;
				BUNDLE_LOADER = "$(TEST_HOST)";
				CODE_SIGN_STYLE = Automatic;
				CURRENT_PROJECT_VERSION = 1;
				DEVELOPMENT_TEAM = V5C63N3TQ2;
				GENERATE_INFOPLIST_FILE = YES;
				IPHONEOS_DEPLOYMENT_TARGET = 16.2;
				MARKETING_VERSION = 1.0;
				PRODUCT_BUNDLE_IDENTIFIER = com.jimmi.NewsAppsTests;
				PRODUCT_NAME = "$(TARGET_NAME)";
				SWIFT_EMIT_LOC_STRINGS = NO;
				SWIFT_VERSION = 5.0;
				TARGETED_DEVICE_FAMILY = "1,2";
				TEST_HOST = "$(BUILT_PRODUCTS_DIR)/NewsApps.app/$(BUNDLE_EXECUTABLE_FOLDER_PATH)/NewsApps";
			};
			name = Debug;
		};
		AA443C89296EF44F000E6065 /* Release */ = {
			isa = XCBuildConfiguration;
			buildSettings = {
				ALWAYS_EMBED_SWIFT_STANDARD_LIBRARIES = YES;
				BUNDLE_LOADER = "$(TEST_HOST)";
				CODE_SIGN_STYLE = Automatic;
				CURRENT_PROJECT_VERSION = 1;
				DEVELOPMENT_TEAM = V5C63N3TQ2;
				GENERATE_INFOPLIST_FILE = YES;
				IPHONEOS_DEPLOYMENT_TARGET = 16.2;
				MARKETING_VERSION = 1.0;
				PRODUCT_BUNDLE_IDENTIFIER = com.jimmi.NewsAppsTests;
				PRODUCT_NAME = "$(TARGET_NAME)";
				SWIFT_EMIT_LOC_STRINGS = NO;
				SWIFT_VERSION = 5.0;
				TARGETED_DEVICE_FAMILY = "1,2";
				TEST_HOST = "$(BUILT_PRODUCTS_DIR)/NewsApps.app/$(BUNDLE_EXECUTABLE_FOLDER_PATH)/NewsApps";
			};
			name = Release;
		};
		AA443C8B296EF44F000E6065 /* Debug */ = {
			isa = XCBuildConfiguration;
			buildSettings = {
				ALWAYS_EMBED_SWIFT_STANDARD_LIBRARIES = YES;
				CODE_SIGN_STYLE = Automatic;
				CURRENT_PROJECT_VERSION = 1;
				DEVELOPMENT_TEAM = V5C63N3TQ2;
				GENERATE_INFOPLIST_FILE = YES;
				MARKETING_VERSION = 1.0;
				PRODUCT_BUNDLE_IDENTIFIER = com.jimmi.NewsAppsUITests;
				PRODUCT_NAME = "$(TARGET_NAME)";
				SWIFT_EMIT_LOC_STRINGS = NO;
				SWIFT_VERSION = 5.0;
				TARGETED_DEVICE_FAMILY = "1,2";
				TEST_TARGET_NAME = NewsApps;
			};
			name = Debug;
		};
		AA443C8C296EF44F000E6065 /* Release */ = {
			isa = XCBuildConfiguration;
			buildSettings = {
				ALWAYS_EMBED_SWIFT_STANDARD_LIBRARIES = YES;
				CODE_SIGN_STYLE = Automatic;
				CURRENT_PROJECT_VERSION = 1;
				DEVELOPMENT_TEAM = V5C63N3TQ2;
				GENERATE_INFOPLIST_FILE = YES;
				MARKETING_VERSION = 1.0;
				PRODUCT_BUNDLE_IDENTIFIER = com.jimmi.NewsAppsUITests;
				PRODUCT_NAME = "$(TARGET_NAME)";
				SWIFT_EMIT_LOC_STRINGS = NO;
				SWIFT_VERSION = 5.0;
				TARGETED_DEVICE_FAMILY = "1,2";
				TEST_TARGET_NAME = NewsApps;
			};
			name = Release;
		};
/* End XCBuildConfiguration section */

/* Begin XCConfigurationList section */
		AA443C55296EF44B000E6065 /* Build configuration list for PBXProject "NewsApps" */ = {
			isa = XCConfigurationList;
			buildConfigurations = (
				AA443C82296EF44F000E6065 /* Debug */,
				AA443C83296EF44F000E6065 /* Release */,
			);
			defaultConfigurationIsVisible = 0;
			defaultConfigurationName = Release;
		};
		AA443C84296EF44F000E6065 /* Build configuration list for PBXNativeTarget "NewsApps" */ = {
			isa = XCConfigurationList;
			buildConfigurations = (
				AA443C85296EF44F000E6065 /* Debug */,
				AA443C86296EF44F000E6065 /* Release */,
			);
			defaultConfigurationIsVisible = 0;
			defaultConfigurationName = Release;
		};
		AA443C87296EF44F000E6065 /* Build configuration list for PBXNativeTarget "NewsAppsTests" */ = {
			isa = XCConfigurationList;
			buildConfigurations = (
				AA443C88296EF44F000E6065 /* Debug */,
				AA443C89296EF44F000E6065 /* Release */,
			);
			defaultConfigurationIsVisible = 0;
			defaultConfigurationName = Release;
		};
		AA443C8A296EF44F000E6065 /* Build configuration list for PBXNativeTarget "NewsAppsUITests" */ = {
			isa = XCConfigurationList;
			buildConfigurations = (
				AA443C8B296EF44F000E6065 /* Debug */,
				AA443C8C296EF44F000E6065 /* Release */,
			);
			defaultConfigurationIsVisible = 0;
			defaultConfigurationName = Release;
		};
/* End XCConfigurationList section */
	};
	rootObject = AA443C52296EF44B000E6065 /* Project object */;
}
